// !$*UTF8*$!
{
	archiveVersion = 1;
	classes = {
	};
	objectVersion = 46;
	objects = {

/* Begin PBXBuildFile section */
		654B6EF31A91C41300A48BCB /* AppDelegate.swift in Sources */ = {isa = PBXBuildFile; fileRef = 654B6EF21A91C41300A48BCB /* AppDelegate.swift */; };
		654B6EF51A91C41300A48BCB /* ViewController.swift in Sources */ = {isa = PBXBuildFile; fileRef = 654B6EF41A91C41300A48BCB /* ViewController.swift */; };
		654B6EF81A91C41300A48BCB /* Main.storyboard in Resources */ = {isa = PBXBuildFile; fileRef = 654B6EF61A91C41300A48BCB /* Main.storyboard */; };
		654B6EFA1A91C41300A48BCB /* Images.xcassets in Resources */ = {isa = PBXBuildFile; fileRef = 654B6EF91A91C41300A48BCB /* Images.xcassets */; };
		654B6EFD1A91C41300A48BCB /* LaunchScreen.xib in Resources */ = {isa = PBXBuildFile; fileRef = 654B6EFB1A91C41300A48BCB /* LaunchScreen.xib */; };
		654B6F091A91C41300A48BCB /* BLETests.swift in Sources */ = {isa = PBXBuildFile; fileRef = 654B6F081A91C41300A48BCB /* BLETests.swift */; };
		654B6F131A91C47300A48BCB /* BLECentral.swift in Sources */ = {isa = PBXBuildFile; fileRef = 654B6F121A91C47300A48BCB /* BLECentral.swift */; };
		658526301A94FB3D00876C46 /* BLEPeripheral.swift in Sources */ = {isa = PBXBuildFile; fileRef = 6585262F1A94FB3D00876C46 /* BLEPeripheral.swift */; };
		658526321A94FC4F00876C46 /* BLE.swift in Sources */ = {isa = PBXBuildFile; fileRef = 658526311A94FC4F00876C46 /* BLE.swift */; };
/* End PBXBuildFile section */

/* Begin PBXContainerItemProxy section */
		654B6F031A91C41300A48BCB /* PBXContainerItemProxy */ = {
			isa = PBXContainerItemProxy;
			containerPortal = 654B6EE51A91C41300A48BCB /* Project object */;
			proxyType = 1;
			remoteGlobalIDString = 654B6EEC1A91C41300A48BCB;
			remoteInfo = BLE;
		};
/* End PBXContainerItemProxy section */

/* Begin PBXFileReference section */
		654B6EED1A91C41300A48BCB /* BLE.app */ = {isa = PBXFileReference; explicitFileType = wrapper.application; includeInIndex = 0; path = BLE.app; sourceTree = BUILT_PRODUCTS_DIR; };
		654B6EF11A91C41300A48BCB /* Info.plist */ = {isa = PBXFileReference; lastKnownFileType = text.plist.xml; path = Info.plist; sourceTree = "<group>"; };
		654B6EF21A91C41300A48BCB /* AppDelegate.swift */ = {isa = PBXFileReference; lastKnownFileType = sourcecode.swift; path = AppDelegate.swift; sourceTree = "<group>"; };
		654B6EF41A91C41300A48BCB /* ViewController.swift */ = {isa = PBXFileReference; lastKnownFileType = sourcecode.swift; path = ViewController.swift; sourceTree = "<group>"; };
		654B6EF71A91C41300A48BCB /* Base */ = {isa = PBXFileReference; lastKnownFileType = file.storyboard; name = Base; path = Base.lproj/Main.storyboard; sourceTree = "<group>"; };
		654B6EF91A91C41300A48BCB /* Images.xcassets */ = {isa = PBXFileReference; lastKnownFileType = folder.assetcatalog; path = Images.xcassets; sourceTree = "<group>"; };
		654B6EFC1A91C41300A48BCB /* Base */ = {isa = PBXFileReference; lastKnownFileType = file.xib; name = Base; path = Base.lproj/LaunchScreen.xib; sourceTree = "<group>"; };
		654B6F021A91C41300A48BCB /* BLETests.xctest */ = {isa = PBXFileReference; explicitFileType = wrapper.cfbundle; includeInIndex = 0; path = BLETests.xctest; sourceTree = BUILT_PRODUCTS_DIR; };
		654B6F071A91C41300A48BCB /* Info.plist */ = {isa = PBXFileReference; lastKnownFileType = text.plist.xml; path = Info.plist; sourceTree = "<group>"; };
		654B6F081A91C41300A48BCB /* BLETests.swift */ = {isa = PBXFileReference; lastKnownFileType = sourcecode.swift; path = BLETests.swift; sourceTree = "<group>"; };
		654B6F121A91C47300A48BCB /* BLECentral.swift */ = {isa = PBXFileReference; fileEncoding = 4; lastKnownFileType = sourcecode.swift; path = BLECentral.swift; sourceTree = "<group>"; };
		6585262F1A94FB3D00876C46 /* BLEPeripheral.swift */ = {isa = PBXFileReference; fileEncoding = 4; lastKnownFileType = sourcecode.swift; path = BLEPeripheral.swift; sourceTree = "<group>"; };
		658526311A94FC4F00876C46 /* BLE.swift */ = {isa = PBXFileReference; fileEncoding = 4; lastKnownFileType = sourcecode.swift; path = BLE.swift; sourceTree = "<group>"; };
/* End PBXFileReference section */

/* Begin PBXFrameworksBuildPhase section */
		654B6EEA1A91C41300A48BCB /* Frameworks */ = {
			isa = PBXFrameworksBuildPhase;
			buildActionMask = 2147483647;
			files = (
			);
			runOnlyForDeploymentPostprocessing = 0;
		};
		654B6EFF1A91C41300A48BCB /* Frameworks */ = {
			isa = PBXFrameworksBuildPhase;
			buildActionMask = 2147483647;
			files = (
			);
			runOnlyForDeploymentPostprocessing = 0;
		};
/* End PBXFrameworksBuildPhase section */

/* Begin PBXGroup section */
		654B6EE41A91C41300A48BCB = {
			isa = PBXGroup;
			children = (
				654B6EEF1A91C41300A48BCB /* BLE */,
				654B6F051A91C41300A48BCB /* BLETests */,
				654B6EEE1A91C41300A48BCB /* Products */,
			);
			sourceTree = "<group>";
		};
		654B6EEE1A91C41300A48BCB /* Products */ = {
			isa = PBXGroup;
			children = (
				654B6EED1A91C41300A48BCB /* BLE.app */,
				654B6F021A91C41300A48BCB /* BLETests.xctest */,
			);
			name = Products;
			sourceTree = "<group>";
		};
		654B6EEF1A91C41300A48BCB /* BLE */ = {
			isa = PBXGroup;
			children = (
				654B6EF21A91C41300A48BCB /* AppDelegate.swift */,
				654B6EF41A91C41300A48BCB /* ViewController.swift */,
				658526311A94FC4F00876C46 /* BLE.swift */,
				654B6F121A91C47300A48BCB /* BLECentral.swift */,
				6585262F1A94FB3D00876C46 /* BLEPeripheral.swift */,
				654B6EF61A91C41300A48BCB /* Main.storyboard */,
				654B6EF91A91C41300A48BCB /* Images.xcassets */,
				654B6EFB1A91C41300A48BCB /* LaunchScreen.xib */,
				654B6EF01A91C41300A48BCB /* Supporting Files */,
			);
			path = BLE;
			sourceTree = "<group>";
		};
		654B6EF01A91C41300A48BCB /* Supporting Files */ = {
			isa = PBXGroup;
			children = (
				654B6EF11A91C41300A48BCB /* Info.plist */,
			);
			name = "Supporting Files";
			sourceTree = "<group>";
		};
		654B6F051A91C41300A48BCB /* BLETests */ = {
			isa = PBXGroup;
			children = (
				654B6F081A91C41300A48BCB /* BLETests.swift */,
				654B6F061A91C41300A48BCB /* Supporting Files */,
			);
			path = BLETests;
			sourceTree = "<group>";
		};
		654B6F061A91C41300A48BCB /* Supporting Files */ = {
			isa = PBXGroup;
			children = (
				654B6F071A91C41300A48BCB /* Info.plist */,
			);
			name = "Supporting Files";
			sourceTree = "<group>";
		};
/* End PBXGroup section */

/* Begin PBXNativeTarget section */
		654B6EEC1A91C41300A48BCB /* BLE */ = {
			isa = PBXNativeTarget;
			buildConfigurationList = 654B6F0C1A91C41300A48BCB /* Build configuration list for PBXNativeTarget "BLE" */;
			buildPhases = (
				654B6EE91A91C41300A48BCB /* Sources */,
				654B6EEA1A91C41300A48BCB /* Frameworks */,
				654B6EEB1A91C41300A48BCB /* Resources */,
			);
			buildRules = (
			);
			dependencies = (
			);
			name = BLE;
			productName = BLE;
			productReference = 654B6EED1A91C41300A48BCB /* BLE.app */;
			productType = "com.apple.product-type.application";
		};
		654B6F011A91C41300A48BCB /* BLETests */ = {
			isa = PBXNativeTarget;
			buildConfigurationList = 654B6F0F1A91C41300A48BCB /* Build configuration list for PBXNativeTarget "BLETests" */;
			buildPhases = (
				654B6EFE1A91C41300A48BCB /* Sources */,
				654B6EFF1A91C41300A48BCB /* Frameworks */,
				654B6F001A91C41300A48BCB /* Resources */,
			);
			buildRules = (
			);
			dependencies = (
				654B6F041A91C41300A48BCB /* PBXTargetDependency */,
			);
			name = BLETests;
			productName = BLETests;
			productReference = 654B6F021A91C41300A48BCB /* BLETests.xctest */;
			productType = "com.apple.product-type.bundle.unit-test";
		};
/* End PBXNativeTarget section */

/* Begin PBXProject section */
		654B6EE51A91C41300A48BCB /* Project object */ = {
			isa = PBXProject;
			attributes = {
				LastUpgradeCheck = 0610;
				ORGANIZATIONNAME = "丁松";
				TargetAttributes = {
					654B6EEC1A91C41300A48BCB = {
						CreatedOnToolsVersion = 6.1.1;
					};
					654B6F011A91C41300A48BCB = {
						CreatedOnToolsVersion = 6.1.1;
						TestTargetID = 654B6EEC1A91C41300A48BCB;
					};
				};
			};
			buildConfigurationList = 654B6EE81A91C41300A48BCB /* Build configuration list for PBXProject "BLE" */;
			compatibilityVersion = "Xcode 3.2";
			developmentRegion = English;
			hasScannedForEncodings = 0;
			knownRegions = (
				en,
				Base,
			);
			mainGroup = 654B6EE41A91C41300A48BCB;
			productRefGroup = 654B6EEE1A91C41300A48BCB /* Products */;
			projectDirPath = "";
			projectRoot = "";
			targets = (
				654B6EEC1A91C41300A48BCB /* BLE */,
				654B6F011A91C41300A48BCB /* BLETests */,
			);
		};
/* End PBXProject section */

/* Begin PBXResourcesBuildPhase section */
		654B6EEB1A91C41300A48BCB /* Resources */ = {
			isa = PBXResourcesBuildPhase;
			buildActionMask = 2147483647;
			files = (
				654B6EF81A91C41300A48BCB /* Main.storyboard in Resources */,
				654B6EFD1A91C41300A48BCB /* LaunchScreen.xib in Resources */,
				654B6EFA1A91C41300A48BCB /* Images.xcassets in Resources */,
			);
			runOnlyForDeploymentPostprocessing = 0;
		};
		654B6F001A91C41300A48BCB /* Resources */ = {
			isa = PBXResourcesBuildPhase;
			buildActionMask = 2147483647;
			files = (
			);
			runOnlyForDeploymentPostprocessing = 0;
		};
/* End PBXResourcesBuildPhase section */

/* Begin PBXSourcesBuildPhase section */
		654B6EE91A91C41300A48BCB /* Sources */ = {
			isa = PBXSourcesBuildPhase;
			buildActionMask = 2147483647;
			files = (
				658526321A94FC4F00876C46 /* BLE.swift in Sources */,
				654B6EF51A91C41300A48BCB /* ViewController.swift in Sources */,
				658526301A94FB3D00876C46 /* BLEPeripheral.swift in Sources */,
				654B6F131A91C47300A48BCB /* BLECentral.swift in Sources */,
				654B6EF31A91C41300A48BCB /* AppDelegate.swift in Sources */,
			);
			runOnlyForDeploymentPostprocessing = 0;
		};
		654B6EFE1A91C41300A48BCB /* Sources */ = {
			isa = PBXSourcesBuildPhase;
			buildActionMask = 2147483647;
			files = (
				654B6F091A91C41300A48BCB /* BLETests.swift in Sources */,
			);
			runOnlyForDeploymentPostprocessing = 0;
		};
/* End PBXSourcesBuildPhase section */

/* Begin PBXTargetDependency section */
		654B6F041A91C41300A48BCB /* PBXTargetDependency */ = {
			isa = PBXTargetDependency;
			target = 654B6EEC1A91C41300A48BCB /* BLE */;
			targetProxy = 654B6F031A91C41300A48BCB /* PBXContainerItemProxy */;
		};
/* End PBXTargetDependency section */

/* Begin PBXVariantGroup section */
		654B6EF61A91C41300A48BCB /* Main.storyboard */ = {
			isa = PBXVariantGroup;
			children = (
				654B6EF71A91C41300A48BCB /* Base */,
			);
			name = Main.storyboard;
			sourceTree = "<group>";
		};
		654B6EFB1A91C41300A48BCB /* LaunchScreen.xib */ = {
			isa = PBXVariantGroup;
			children = (
				654B6EFC1A91C41300A48BCB /* Base */,
			);
			name = LaunchScreen.xib;
			sourceTree = "<group>";
		};
/* End PBXVariantGroup section */

/* Begin XCBuildConfiguration section */
		654B6F0A1A91C41300A48BCB /* Debug */ = {
			isa = XCBuildConfiguration;
			buildSettings = {
				ALWAYS_SEARCH_USER_PATHS = NO;
				CLANG_CXX_LANGUAGE_STANDARD = "gnu++0x";
				CLANG_CXX_LIBRARY = "libc++";
				CLANG_ENABLE_MODULES = YES;
				CLANG_ENABLE_OBJC_ARC = YES;
				CLANG_WARN_BOOL_CONVERSION = YES;
				CLANG_WARN_CONSTANT_CONVERSION = YES;
				CLANG_WARN_DIRECT_OBJC_ISA_USAGE = YES_ERROR;
				CLANG_WARN_EMPTY_BODY = YES;
				CLANG_WARN_ENUM_CONVERSION = YES;
				CLANG_WARN_INT_CONVERSION = YES;
				CLANG_WARN_OBJC_ROOT_CLASS = YES_ERROR;
				CLANG_WARN_UNREACHABLE_CODE = YES;
				CLANG_WARN__DUPLICATE_METHOD_MATCH = YES;
				"CODE_SIGN_IDENTITY[sdk=iphoneos*]" = "iPhone Developer";
				COPY_PHASE_STRIP = NO;
				ENABLE_STRICT_OBJC_MSGSEND = YES;
				GCC_C_LANGUAGE_STANDARD = gnu99;
				GCC_DYNAMIC_NO_PIC = NO;
				GCC_OPTIMIZATION_LEVEL = 0;
				GCC_PREPROCESSOR_DEFINITIONS = (
					"DEBUG=1",
					"$(inherited)",
				);
				GCC_SYMBOLS_PRIVATE_EXTERN = NO;
				GCC_WARN_64_TO_32_BIT_CONVERSION = YES;
				GCC_WARN_ABOUT_RETURN_TYPE = YES_ERROR;
				GCC_WARN_UNDECLARED_SELECTOR = YES;
				GCC_WARN_UNINITIALIZED_AUTOS = YES_AGGRESSIVE;
				GCC_WARN_UNUSED_FUNCTION = YES;
				GCC_WARN_UNUSED_VARIABLE = YES;
				IPHONEOS_DEPLOYMENT_TARGET = 8.1;
				MTL_ENABLE_DEBUG_INFO = YES;
				ONLY_ACTIVE_ARCH = YES;
				SDKROOT = iphoneos;
				SWIFT_OPTIMIZATION_LEVEL = "-Onone";
				TARGETED_DEVICE_FAMILY = "1,2";
			};
			name = Debug;
		};
		654B6F0B1A91C41300A48BCB /* Release */ = {
			isa = XCBuildConfiguration;
			buildSettings = {
				ALWAYS_SEARCH_USER_PATHS = NO;
				CLANG_CXX_LANGUAGE_STANDARD = "gnu++0x";
				CLANG_CXX_LIBRARY = "libc++";
				CLANG_ENABLE_MODULES = YES;
				CLANG_ENABLE_OBJC_ARC = YES;
				CLANG_WARN_BOOL_CONVERSION = YES;
				CLANG_WARN_CONSTANT_CONVERSION = YES;
				CLANG_WARN_DIRECT_OBJC_ISA_USAGE = YES_ERROR;
				CLANG_WARN_EMPTY_BODY = YES;
				CLANG_WARN_ENUM_CONVERSION = YES;
				CLANG_WARN_INT_CONVERSION = YES;
				CLANG_WARN_OBJC_ROOT_CLASS = YES_ERROR;
				CLANG_WARN_UNREACHABLE_CODE = YES;
				CLANG_WARN__DUPLICATE_METHOD_MATCH = YES;
				"CODE_SIGN_IDENTITY[sdk=iphoneos*]" = "iPhone Developer";
				COPY_PHASE_STRIP = YES;
				ENABLE_NS_ASSERTIONS = NO;
				ENABLE_STRICT_OBJC_MSGSEND = YES;
				GCC_C_LANGUAGE_STANDARD = gnu99;
				GCC_WARN_64_TO_32_BIT_CONVERSION = YES;
				GCC_WARN_ABOUT_RETURN_TYPE = YES_ERROR;
				GCC_WARN_UNDECLARED_SELECTOR = YES;
				GCC_WARN_UNINITIALIZED_AUTOS = YES_AGGRESSIVE;
				GCC_WARN_UNUSED_FUNCTION = YES;
				GCC_WARN_UNUSED_VARIABLE = YES;
				IPHONEOS_DEPLOYMENT_TARGET = 8.1;
				MTL_ENABLE_DEBUG_INFO = NO;
				SDKROOT = iphoneos;
				TARGETED_DEVICE_FAMILY = "1,2";
				VALIDATE_PRODUCT = YES;
			};
			name = Release;
		};
		654B6F0D1A91C41300A48BCB /* Debug */ = {
			isa = XCBuildConfiguration;
			buildSettings = {
				ASSETCATALOG_COMPILER_APPICON_NAME = AppIcon;
				INFOPLIST_FILE = BLE/Info.plist;
				LD_RUNPATH_SEARCH_PATHS = "$(inherited) @executable_path/Frameworks";
				PRODUCT_NAME = "$(TARGET_NAME)";
			};
			name = Debug;
		};
		654B6F0E1A91C41300A48BCB /* Release */ = {
			isa = XCBuildConfiguration;
			buildSettings = {
				ASSETCATALOG_COMPILER_APPICON_NAME = AppIcon;
				INFOPLIST_FILE = BLE/Info.plist;
				LD_RUNPATH_SEARCH_PATHS = "$(inherited) @executable_path/Frameworks";
				PRODUCT_NAME = "$(TARGET_NAME)";
			};
			name = Release;
		};
		654B6F101A91C41300A48BCB /* Debug */ = {
			isa = XCBuildConfiguration;
			buildSettings = {
				BUNDLE_LOADER = "$(TEST_HOST)";
				FRAMEWORK_SEARCH_PATHS = (
					"$(SDKROOT)/Developer/Library/Frameworks",
					"$(inherited)",
				);
				GCC_PREPROCESSOR_DEFINITIONS = (
					"DEBUG=1",
					"$(inherited)",
				);
				INFOPLIST_FILE = BLETests/Info.plist;
				LD_RUNPATH_SEARCH_PATHS = "$(inherited) @executable_path/Frameworks @loader_path/Frameworks";
				PRODUCT_NAME = "$(TARGET_NAME)";
				TEST_HOST = "$(BUILT_PRODUCTS_DIR)/BLE.app/BLE";
			};
			name = Debug;
		};
		654B6F111A91C41300A48BCB /* Release */ = {
			isa = XCBuildConfiguration;
			buildSettings = {
				BUNDLE_LOADER = "$(TEST_HOST)";
				FRAMEWORK_SEARCH_PATHS = (
					"$(SDKROOT)/Developer/Library/Frameworks",
					"$(inherited)",
				);
				INFOPLIST_FILE = BLETests/Info.plist;
				LD_RUNPATH_SEARCH_PATHS = "$(inherited) @executable_path/Frameworks @loader_path/Frameworks";
				PRODUCT_NAME = "$(TARGET_NAME)";
				TEST_HOST = "$(BUILT_PRODUCTS_DIR)/BLE.app/BLE";
			};
			name = Release;
		};
/* End XCBuildConfiguration section */

/* Begin XCConfigurationList section */
		654B6EE81A91C41300A48BCB /* Build configuration list for PBXProject "BLE" */ = {
			isa = XCConfigurationList;
			buildConfigurations = (
				654B6F0A1A91C41300A48BCB /* Debug */,
				654B6F0B1A91C41300A48BCB /* Release */,
			);
			defaultConfigurationIsVisible = 0;
			defaultConfigurationName = Release;
		};
		654B6F0C1A91C41300A48BCB /* Build configuration list for PBXNativeTarget "BLE" */ = {
			isa = XCConfigurationList;
			buildConfigurations = (
				654B6F0D1A91C41300A48BCB /* Debug */,
				654B6F0E1A91C41300A48BCB /* Release */,
			);
			defaultConfigurationIsVisible = 0;
			defaultConfigurationName = Release;
		};
		654B6F0F1A91C41300A48BCB /* Build configuration list for PBXNativeTarget "BLETests" */ = {
			isa = XCConfigurationList;
			buildConfigurations = (
				654B6F101A91C41300A48BCB /* Debug */,
				654B6F111A91C41300A48BCB /* Release */,
			);
			defaultConfigurationIsVisible = 0;
			defaultConfigurationName = Release;
		};
/* End XCConfigurationList section */
	};
	rootObject = 654B6EE51A91C41300A48BCB /* Project object */;
}
